{
  "name": "Azure.Template",
  "lockfileVersion": 2,
  "requires": true,
  "packages": {
    "": {
      "dependencies": {
        "autorest": "^3.0.6322"
      }
    },
    "node_modules/autorest": {
      "version": "3.0.6322",
      "resolved": "https://registry.npmjs.org/autorest/-/autorest-3.0.6322.tgz",
      "integrity": "sha512-q0W5FD8TmxCqpPiD9fXGPbt+DCyf3brGvAAnzoFSngcaBgwy/CfvUVVXbwcHEUYzFive++tpQwM6Q0SFHEfKbQ==",
      "hasInstallScript": true,
      "bin": {
        "autorest": "entrypoints/app.js"
      },
      "engines": {
        "node": ">=10.13.0"
      }
    }
  },
  "dependencies": {
    "autorest": {
      "version": "3.0.6322",
      "resolved": "https://registry.npmjs.org/autorest/-/autorest-3.0.6322.tgz",
      "integrity": "sha512-q0W5FD8TmxCqpPiD9fXGPbt+DCyf3brGvAAnzoFSngcaBgwy/CfvUVVXbwcHEUYzFive++tpQwM6Q0SFHEfKbQ=="
    }
  }
}
